
Microsoft Visual Studio Solution File, Format Version 12.00
# Visual Studio Version 16
VisualStudioVersion = 16.0.31112.23
MinimumVisualStudioVersion = 10.0.40219.1
Project("{FAE04EC0-301F-11D3-BF4B-00C04F79EFBC}") = "football", "football\football.csproj", "{3A8065A4-5517-4737-8F3A-1D670BA82AFD}"
EndProject
Global
	GlobalSection(SolutionConfigurationPlatforms) = preSolution
		Debug|Any CPU = Debug|Any CPU
		Release|Any CPU = Release|Any CPU
	EndGlobalSection
	GlobalSection(ProjectConfigurationPlatforms) = postSolution
		{3A8065A4-5517-4737-8F3A-1D670BA82AFD}.Debug|Any CPU.ActiveCfg = Debug|Any CPU
		{3A8065A4-5517-4737-8F3A-1D670BA82AFD}.Debug|Any CPU.Build.0 = Debug|Any CPU
		{3A8065A4-5517-4737-8F3A-1D670BA82AFD}.Release|Any CPU.ActiveCfg = Release|Any CPU
		{3A8065A4-5517-4737-8F3A-1D670BA82AFD}.Release|Any CPU.Build.0 = Release|Any CPU
	EndGlobalSection
	GlobalSection(SolutionProperties) = preSolution
		HideSolutionNode = FALSE
	EndGlobalSection
	GlobalSection(ExtensibilityGlobals) = postSolution
		SolutionGuid = {08BCDCC9-625F-455C-B13A-A478CA75AEBA}
	EndGlobalSection
EndGlobal
